
Microsoft Visual Studio Solution File, Format Version 12.00
# Visual Studio Version 17
VisualStudioVersion = 17.7.34024.191
MinimumVisualStudioVersion = 10.0.40219.1
Project("{8BC9CEB8-8B4A-11D0-8D11-00A0C91BC942}") = "Laba 7.3 it", "Laba 7.3 it\Laba 7.3 it.vcxproj", "{939E5DFF-48D9-47D2-AE14-DE0782ABA570}"
EndProject
Project("{8BC9CEB8-8B4A-11D0-8D11-00A0C91BC942}") = "Test 3.3.1", "Test 3.3.1\Test 3.3.1.vcxproj", "{A2960AA2-7E83-4261-97E9-B339764A9989}"
EndProject
Global
	GlobalSection(SolutionConfigurationPlatforms) = preSolution
		Debug|x64 = Debug|x64
		Debug|x86 = Debug|x86
		Release|x64 = Release|x64
		Release|x86 = Release|x86
	EndGlobalSection
	GlobalSection(ProjectConfigurationPlatforms) = postSolution
		{939E5DFF-48D9-47D2-AE14-DE0782ABA570}.Debug|x64.ActiveCfg = Debug|x64
		{939E5DFF-48D9-47D2-AE14-DE0782ABA570}.Debug|x64.Build.0 = Debug|x64
		{939E5DFF-48D9-47D2-AE14-DE0782ABA570}.Debug|x86.ActiveCfg = Debug|Win32
		{939E5DFF-48D9-47D2-AE14-DE0782ABA570}.Debug|x86.Build.0 = Debug|Win32
		{939E5DFF-48D9-47D2-AE14-DE0782ABA570}.Release|x64.ActiveCfg = Release|x64
		{939E5DFF-48D9-47D2-AE14-DE0782ABA570}.Release|x64.Build.0 = Release|x64
		{939E5DFF-48D9-47D2-AE14-DE0782ABA570}.Release|x86.ActiveCfg = Release|Win32
		{939E5DFF-48D9-47D2-AE14-DE0782ABA570}.Release|x86.Build.0 = Release|Win32
		{A2960AA2-7E83-4261-97E9-B339764A9989}.Debug|x64.ActiveCfg = Debug|x64
		{A2960AA2-7E83-4261-97E9-B339764A9989}.Debug|x64.Build.0 = Debug|x64
		{A2960AA2-7E83-4261-97E9-B339764A9989}.Debug|x86.ActiveCfg = Debug|Win32
		{A2960AA2-7E83-4261-97E9-B339764A9989}.Debug|x86.Build.0 = Debug|Win32
		{A2960AA2-7E83-4261-97E9-B339764A9989}.Release|x64.ActiveCfg = Release|x64
		{A2960AA2-7E83-4261-97E9-B339764A9989}.Release|x64.Build.0 = Release|x64
		{A2960AA2-7E83-4261-97E9-B339764A9989}.Release|x86.ActiveCfg = Release|Win32
		{A2960AA2-7E83-4261-97E9-B339764A9989}.Release|x86.Build.0 = Release|Win32
	EndGlobalSection
	GlobalSection(SolutionProperties) = preSolution
		HideSolutionNode = FALSE
	EndGlobalSection
	GlobalSection(ExtensibilityGlobals) = postSolution
		SolutionGuid = {47C8F39F-DF55-4B06-9496-983FC1B03A5C}
	EndGlobalSection
EndGlobal
